
Microsoft Visual Studio Solution File, Format Version 12.00
# Visual Studio 2013
VisualStudioVersion = 12.0.31101.0
MinimumVisualStudioVersion = 10.0.40219.1
Project("{FAE04EC0-301F-11D3-BF4B-00C04F79EFBC}") = "TA.Classified.Web", "TA.Classified.Web\TA.Classified.Web.csproj", "{A9FE4D7E-7A55-46A7-95FA-1438EC036BEE}"
EndProject
Project("{FAE04EC0-301F-11D3-BF4B-00C04F79EFBC}") = "TA.Classified.Model", "TA.Classified.Model\TA.Classified.Model.csproj", "{1628300A-41CB-425E-9DE6-1EA3CFDB47E1}"
EndProject
Project("{FAE04EC0-301F-11D3-BF4B-00C04F79EFBC}") = "TA.Classified.Data", "TA.Classified.Data\TA.Classified.Data.csproj", "{967B851D-A402-4089-B45D-14BD2821D3C6}"
EndProject
Project("{FAE04EC0-301F-11D3-BF4B-00C04F79EFBC}") = "TA.Classified.Business", "TA.Classified.Business\TA.Classified.Business.csproj", "{45E4C975-BFBC-4A0A-BDFF-BDE6B2DEE722}"
EndProject
Global
	GlobalSection(SolutionConfigurationPlatforms) = preSolution
		Debug|Any CPU = Debug|Any CPU
		Release|Any CPU = Release|Any CPU
	EndGlobalSection
	GlobalSection(ProjectConfigurationPlatforms) = postSolution
		{A9FE4D7E-7A55-46A7-95FA-1438EC036BEE}.Debug|Any CPU.ActiveCfg = Debug|Any CPU
		{A9FE4D7E-7A55-46A7-95FA-1438EC036BEE}.Debug|Any CPU.Build.0 = Debug|Any CPU
		{A9FE4D7E-7A55-46A7-95FA-1438EC036BEE}.Release|Any CPU.ActiveCfg = Release|Any CPU
		{A9FE4D7E-7A55-46A7-95FA-1438EC036BEE}.Release|Any CPU.Build.0 = Release|Any CPU
		{1628300A-41CB-425E-9DE6-1EA3CFDB47E1}.Debug|Any CPU.ActiveCfg = Debug|Any CPU
		{1628300A-41CB-425E-9DE6-1EA3CFDB47E1}.Debug|Any CPU.Build.0 = Debug|Any CPU
		{1628300A-41CB-425E-9DE6-1EA3CFDB47E1}.Release|Any CPU.ActiveCfg = Release|Any CPU
		{1628300A-41CB-425E-9DE6-1EA3CFDB47E1}.Release|Any CPU.Build.0 = Release|Any CPU
		{967B851D-A402-4089-B45D-14BD2821D3C6}.Debug|Any CPU.ActiveCfg = Debug|Any CPU
		{967B851D-A402-4089-B45D-14BD2821D3C6}.Debug|Any CPU.Build.0 = Debug|Any CPU
		{967B851D-A402-4089-B45D-14BD2821D3C6}.Release|Any CPU.ActiveCfg = Release|Any CPU
		{967B851D-A402-4089-B45D-14BD2821D3C6}.Release|Any CPU.Build.0 = Release|Any CPU
		{45E4C975-BFBC-4A0A-BDFF-BDE6B2DEE722}.Debug|Any CPU.ActiveCfg = Debug|Any CPU
		{45E4C975-BFBC-4A0A-BDFF-BDE6B2DEE722}.Debug|Any CPU.Build.0 = Debug|Any CPU
		{45E4C975-BFBC-4A0A-BDFF-BDE6B2DEE722}.Release|Any CPU.ActiveCfg = Release|Any CPU
		{45E4C975-BFBC-4A0A-BDFF-BDE6B2DEE722}.Release|Any CPU.Build.0 = Release|Any CPU
	EndGlobalSection
	GlobalSection(SolutionProperties) = preSolution
		HideSolutionNode = FALSE
	EndGlobalSection
EndGlobal
